// !$*UTF8*$!
{
	archiveVersion = 1;
	classes = {
	};
	objectVersion = 48;
	objects = {

/* Begin PBXBuildFile section */
		C05EDD82200614A300FA6C0C /* AppDelegate.swift in Sources */ = {isa = PBXBuildFile; fileRef = C05EDD81200614A300FA6C0C /* AppDelegate.swift */; };
		C05EDD84200614A300FA6C0C /* ViewController.swift in Sources */ = {isa = PBXBuildFile; fileRef = C05EDD83200614A300FA6C0C /* ViewController.swift */; };
		C05EDD87200614A300FA6C0C /* Main.storyboard in Resources */ = {isa = PBXBuildFile; fileRef = C05EDD85200614A300FA6C0C /* Main.storyboard */; };
		C05EDD89200614A300FA6C0C /* Assets.xcassets in Resources */ = {isa = PBXBuildFile; fileRef = C05EDD88200614A300FA6C0C /* Assets.xcassets */; };
		C05EDD8C200614A300FA6C0C /* LaunchScreen.storyboard in Resources */ = {isa = PBXBuildFile; fileRef = C05EDD8A200614A300FA6C0C /* LaunchScreen.storyboard */; };
		C05EDD97200614A300FA6C0C /* VideoRecorderTests.swift in Sources */ = {isa = PBXBuildFile; fileRef = C05EDD96200614A300FA6C0C /* VideoRecorderTests.swift */; };
		C05EDDA2200614A300FA6C0C /* VideoRecorderUITests.swift in Sources */ = {isa = PBXBuildFile; fileRef = C05EDDA1200614A300FA6C0C /* VideoRecorderUITests.swift */; };
/* End PBXBuildFile section */

/* Begin PBXContainerItemProxy section */
		C05EDD93200614A300FA6C0C /* PBXContainerItemProxy */ = {
			isa = PBXContainerItemProxy;
			containerPortal = C05EDD76200614A200FA6C0C /* Project object */;
			proxyType = 1;
			remoteGlobalIDString = C05EDD7D200614A200FA6C0C;
			remoteInfo = VideoRecorder;
		};
		C05EDD9E200614A300FA6C0C /* PBXContainerItemProxy */ = {
			isa = PBXContainerItemProxy;
			containerPortal = C05EDD76200614A200FA6C0C /* Project object */;
			proxyType = 1;
			remoteGlobalIDString = C05EDD7D200614A200FA6C0C;
			remoteInfo = VideoRecorder;
		};
/* End PBXContainerItemProxy section */

/* Begin PBXFileReference section */
		C05EDD7E200614A200FA6C0C /* VideoRecorder.app */ = {isa = PBXFileReference; explicitFileType = wrapper.application; includeInIndex = 0; path = VideoRecorder.app; sourceTree = BUILT_PRODUCTS_DIR; };
		C05EDD81200614A300FA6C0C /* AppDelegate.swift */ = {isa = PBXFileReference; lastKnownFileType = sourcecode.swift; path = AppDelegate.swift; sourceTree = "<group>"; };
		C05EDD83200614A300FA6C0C /* ViewController.swift */ = {isa = PBXFileReference; lastKnownFileType = sourcecode.swift; path = ViewController.swift; sourceTree = "<group>"; };
		C05EDD86200614A300FA6C0C /* Base */ = {isa = PBXFileReference; lastKnownFileType = file.storyboard; name = Base; path = Base.lproj/Main.storyboard; sourceTree = "<group>"; };
		C05EDD88200614A300FA6C0C /* Assets.xcassets */ = {isa = PBXFileReference; lastKnownFileType = folder.assetcatalog; path = Assets.xcassets; sourceTree = "<group>"; };
		C05EDD8B200614A300FA6C0C /* Base */ = {isa = PBXFileReference; lastKnownFileType = file.storyboard; name = Base; path = Base.lproj/LaunchScreen.storyboard; sourceTree = "<group>"; };
		C05EDD8D200614A300FA6C0C /* Info.plist */ = {isa = PBXFileReference; lastKnownFileType = text.plist.xml; path = Info.plist; sourceTree = "<group>"; };
		C05EDD92200614A300FA6C0C /* VideoRecorderTests.xctest */ = {isa = PBXFileReference; explicitFileType = wrapper.cfbundle; includeInIndex = 0; path = VideoRecorderTests.xctest; sourceTree = BUILT_PRODUCTS_DIR; };
		C05EDD96200614A300FA6C0C /* VideoRecorderTests.swift */ = {isa = PBXFileReference; lastKnownFileType = sourcecode.swift; path = VideoRecorderTests.swift; sourceTree = "<group>"; };
		C05EDD98200614A300FA6C0C /* Info.plist */ = {isa = PBXFileReference; lastKnownFileType = text.plist.xml; path = Info.plist; sourceTree = "<group>"; };
		C05EDD9D200614A300FA6C0C /* VideoRecorderUITests.xctest */ = {isa = PBXFileReference; explicitFileType = wrapper.cfbundle; includeInIndex = 0; path = VideoRecorderUITests.xctest; sourceTree = BUILT_PRODUCTS_DIR; };
		C05EDDA1200614A300FA6C0C /* VideoRecorderUITests.swift */ = {isa = PBXFileReference; lastKnownFileType = sourcecode.swift; path = VideoRecorderUITests.swift; sourceTree = "<group>"; };
		C05EDDA3200614A300FA6C0C /* Info.plist */ = {isa = PBXFileReference; lastKnownFileType = text.plist.xml; path = Info.plist; sourceTree = "<group>"; };
/* End PBXFileReference section */

/* Begin PBXFrameworksBuildPhase section */
		C05EDD7B200614A200FA6C0C /* Frameworks */ = {
			isa = PBXFrameworksBuildPhase;
			buildActionMask = 2147483647;
			files = (
			);
			runOnlyForDeploymentPostprocessing = 0;
		};
		C05EDD8F200614A300FA6C0C /* Frameworks */ = {
			isa = PBXFrameworksBuildPhase;
			buildActionMask = 2147483647;
			files = (
			);
			runOnlyForDeploymentPostprocessing = 0;
		};
		C05EDD9A200614A300FA6C0C /* Frameworks */ = {
			isa = PBXFrameworksBuildPhase;
			buildActionMask = 2147483647;
			files = (
			);
			runOnlyForDeploymentPostprocessing = 0;
		};
/* End PBXFrameworksBuildPhase section */

/* Begin PBXGroup section */
		C05EDD75200614A200FA6C0C = {
			isa = PBXGroup;
			children = (
				C05EDD80200614A200FA6C0C /* VideoRecorder */,
				C05EDD95200614A300FA6C0C /* VideoRecorderTests */,
				C05EDDA0200614A300FA6C0C /* VideoRecorderUITests */,
				C05EDD7F200614A200FA6C0C /* Products */,
			);
			sourceTree = "<group>";
		};
		C05EDD7F200614A200FA6C0C /* Products */ = {
			isa = PBXGroup;
			children = (
				C05EDD7E200614A200FA6C0C /* VideoRecorder.app */,
				C05EDD92200614A300FA6C0C /* VideoRecorderTests.xctest */,
				C05EDD9D200614A300FA6C0C /* VideoRecorderUITests.xctest */,
			);
			name = Products;
			sourceTree = "<group>";
		};
		C05EDD80200614A200FA6C0C /* VideoRecorder */ = {
			isa = PBXGroup;
			children = (
				C05EDD81200614A300FA6C0C /* AppDelegate.swift */,
				C05EDD83200614A300FA6C0C /* ViewController.swift */,
				C05EDD85200614A300FA6C0C /* Main.storyboard */,
				C05EDD88200614A300FA6C0C /* Assets.xcassets */,
				C05EDD8A200614A300FA6C0C /* LaunchScreen.storyboard */,
				C05EDD8D200614A300FA6C0C /* Info.plist */,
			);
			path = VideoRecorder;
			sourceTree = "<group>";
		};
		C05EDD95200614A300FA6C0C /* VideoRecorderTests */ = {
			isa = PBXGroup;
			children = (
				C05EDD96200614A300FA6C0C /* VideoRecorderTests.swift */,
				C05EDD98200614A300FA6C0C /* Info.plist */,
			);
			path = VideoRecorderTests;
			sourceTree = "<group>";
		};
		C05EDDA0200614A300FA6C0C /* VideoRecorderUITests */ = {
			isa = PBXGroup;
			children = (
				C05EDDA1200614A300FA6C0C /* VideoRecorderUITests.swift */,
				C05EDDA3200614A300FA6C0C /* Info.plist */,
			);
			path = VideoRecorderUITests;
			sourceTree = "<group>";
		};
/* End PBXGroup section */

/* Begin PBXNativeTarget section */
		C05EDD7D200614A200FA6C0C /* VideoRecorder */ = {
			isa = PBXNativeTarget;
			buildConfigurationList = C05EDDA6200614A300FA6C0C /* Build configuration list for PBXNativeTarget "VideoRecorder" */;
			buildPhases = (
				C05EDD7A200614A200FA6C0C /* Sources */,
				C05EDD7B200614A200FA6C0C /* Frameworks */,
				C05EDD7C200614A200FA6C0C /* Resources */,
			);
			buildRules = (
			);
			dependencies = (
			);
			name = VideoRecorder;
			productName = VideoRecorder;
			productReference = C05EDD7E200614A200FA6C0C /* VideoRecorder.app */;
			productType = "com.apple.product-type.application";
		};
		C05EDD91200614A300FA6C0C /* VideoRecorderTests */ = {
			isa = PBXNativeTarget;
			buildConfigurationList = C05EDDA9200614A300FA6C0C /* Build configuration list for PBXNativeTarget "VideoRecorderTests" */;
			buildPhases = (
				C05EDD8E200614A300FA6C0C /* Sources */,
				C05EDD8F200614A300FA6C0C /* Frameworks */,
				C05EDD90200614A300FA6C0C /* Resources */,
			);
			buildRules = (
			);
			dependencies = (
				C05EDD94200614A300FA6C0C /* PBXTargetDependency */,
			);
			name = VideoRecorderTests;
			productName = VideoRecorderTests;
			productReference = C05EDD92200614A300FA6C0C /* VideoRecorderTests.xctest */;
			productType = "com.apple.product-type.bundle.unit-test";
		};
		C05EDD9C200614A300FA6C0C /* VideoRecorderUITests */ = {
			isa = PBXNativeTarget;
			buildConfigurationList = C05EDDAC200614A300FA6C0C /* Build configuration list for PBXNativeTarget "VideoRecorderUITests" */;
			buildPhases = (
				C05EDD99200614A300FA6C0C /* Sources */,
				C05EDD9A200614A300FA6C0C /* Frameworks */,
				C05EDD9B200614A300FA6C0C /* Resources */,
			);
			buildRules = (
			);
			dependencies = (
				C05EDD9F200614A300FA6C0C /* PBXTargetDependency */,
			);
			name = VideoRecorderUITests;
			productName = VideoRecorderUITests;
			productReference = C05EDD9D200614A300FA6C0C /* VideoRecorderUITests.xctest */;
			productType = "com.apple.product-type.bundle.ui-testing";
		};
/* End PBXNativeTarget section */

/* Begin PBXProject section */
		C05EDD76200614A200FA6C0C /* Project object */ = {
			isa = PBXProject;
			attributes = {
				LastSwiftUpdateCheck = 0920;
				LastUpgradeCheck = 0920;
				ORGANIZATIONNAME = "takuya okamoto";
				TargetAttributes = {
					C05EDD7D200614A200FA6C0C = {
						CreatedOnToolsVersion = 9.2;
						ProvisioningStyle = Automatic;
					};
					C05EDD91200614A300FA6C0C = {
						CreatedOnToolsVersion = 9.2;
						ProvisioningStyle = Automatic;
						TestTargetID = C05EDD7D200614A200FA6C0C;
					};
					C05EDD9C200614A300FA6C0C = {
						CreatedOnToolsVersion = 9.2;
						ProvisioningStyle = Automatic;
						TestTargetID = C05EDD7D200614A200FA6C0C;
					};
				};
			};
			buildConfigurationList = C05EDD79200614A200FA6C0C /* Build configuration list for PBXProject "VideoRecorder" */;
			compatibilityVersion = "Xcode 8.0";
			developmentRegion = en;
			hasScannedForEncodings = 0;
			knownRegions = (
				en,
				Base,
			);
			mainGroup = C05EDD75200614A200FA6C0C;
			productRefGroup = C05EDD7F200614A200FA6C0C /* Products */;
			projectDirPath = "";
			projectRoot = "";
			targets = (
				C05EDD7D200614A200FA6C0C /* VideoRecorder */,
				C05EDD91200614A300FA6C0C /* VideoRecorderTests */,
				C05EDD9C200614A300FA6C0C /* VideoRecorderUITests */,
			);
		};
/* End PBXProject section */

/* Begin PBXResourcesBuildPhase section */
		C05EDD7C200614A200FA6C0C /* Resources */ = {
			isa = PBXResourcesBuildPhase;
			buildActionMask = 2147483647;
			files = (
				C05EDD8C200614A300FA6C0C /* LaunchScreen.storyboard in Resources */,
				C05EDD89200614A300FA6C0C /* Assets.xcassets in Resources */,
				C05EDD87200614A300FA6C0C /* Main.storyboard in Resources */,
			);
			runOnlyForDeploymentPostprocessing = 0;
		};
		C05EDD90200614A300FA6C0C /* Resources */ = {
			isa = PBXResourcesBuildPhase;
			buildActionMask = 2147483647;
			files = (
			);
			runOnlyForDeploymentPostprocessing = 0;
		};
		C05EDD9B200614A300FA6C0C /* Resources */ = {
			isa = PBXResourcesBuildPhase;
			buildActionMask = 2147483647;
			files = (
			);
			runOnlyForDeploymentPostprocessing = 0;
		};
/* End PBXResourcesBuildPhase section */

/* Begin PBXSourcesBuildPhase section */
		C05EDD7A200614A200FA6C0C /* Sources */ = {
			isa = PBXSourcesBuildPhase;
			buildActionMask = 2147483647;
			files = (
				C05EDD84200614A300FA6C0C /* ViewController.swift in Sources */,
				C05EDD82200614A300FA6C0C /* AppDelegate.swift in Sources */,
			);
			runOnlyForDeploymentPostprocessing = 0;
		};
		C05EDD8E200614A300FA6C0C /* Sources */ = {
			isa = PBXSourcesBuildPhase;
			buildActionMask = 2147483647;
			files = (
				C05EDD97200614A300FA6C0C /* VideoRecorderTests.swift in Sources */,
			);
			runOnlyForDeploymentPostprocessing = 0;
		};
		C05EDD99200614A300FA6C0C /* Sources */ = {
			isa = PBXSourcesBuildPhase;
			buildActionMask = 2147483647;
			files = (
				C05EDDA2200614A300FA6C0C /* VideoRecorderUITests.swift in Sources */,
			);
			runOnlyForDeploymentPostprocessing = 0;
		};
/* End PBXSourcesBuildPhase section */

/* Begin PBXTargetDependency section */
		C05EDD94200614A300FA6C0C /* PBXTargetDependency */ = {
			isa = PBXTargetDependency;
			target = C05EDD7D200614A200FA6C0C /* VideoRecorder */;
			targetProxy = C05EDD93200614A300FA6C0C /* PBXContainerItemProxy */;
		};
		C05EDD9F200614A300FA6C0C /* PBXTargetDependency */ = {
			isa = PBXTargetDependency;
			target = C05EDD7D200614A200FA6C0C /* VideoRecorder */;
			targetProxy = C05EDD9E200614A300FA6C0C /* PBXContainerItemProxy */;
		};
/* End PBXTargetDependency section */

/* Begin PBXVariantGroup section */
		C05EDD85200614A300FA6C0C /* Main.storyboard */ = {
			isa = PBXVariantGroup;
			children = (
				C05EDD86200614A300FA6C0C /* Base */,
			);
			name = Main.storyboard;
			sourceTree = "<group>";
		};
		C05EDD8A200614A300FA6C0C /* LaunchScreen.storyboard */ = {
			isa = PBXVariantGroup;
			children = (
				C05EDD8B200614A300FA6C0C /* Base */,
			);
			name = LaunchScreen.storyboard;
			sourceTree = "<group>";
		};
/* End PBXVariantGroup section */

/* Begin XCBuildConfiguration section */
		C05EDDA4200614A300FA6C0C /* Debug */ = {
			isa = XCBuildConfiguration;
			buildSettings = {
				ALWAYS_SEARCH_USER_PATHS = NO;
				CLANG_ANALYZER_NONNULL = YES;
				CLANG_ANALYZER_NUMBER_OBJECT_CONVERSION = YES_AGGRESSIVE;
				CLANG_CXX_LANGUAGE_STANDARD = "gnu++14";
				CLANG_CXX_LIBRARY = "libc++";
				CLANG_ENABLE_MODULES = YES;
				CLANG_ENABLE_OBJC_ARC = YES;
				CLANG_WARN_BLOCK_CAPTURE_AUTORELEASING = YES;
				CLANG_WARN_BOOL_CONVERSION = YES;
				CLANG_WARN_COMMA = YES;
				CLANG_WARN_CONSTANT_CONVERSION = YES;
				CLANG_WARN_DIRECT_OBJC_ISA_USAGE = YES_ERROR;
				CLANG_WARN_DOCUMENTATION_COMMENTS = YES;
				CLANG_WARN_EMPTY_BODY = YES;
				CLANG_WARN_ENUM_CONVERSION = YES;
				CLANG_WARN_INFINITE_RECURSION = YES;
				CLANG_WARN_INT_CONVERSION = YES;
				CLANG_WARN_NON_LITERAL_NULL_CONVERSION = YES;
				CLANG_WARN_OBJC_LITERAL_CONVERSION = YES;
				CLANG_WARN_OBJC_ROOT_CLASS = YES_ERROR;
				CLANG_WARN_RANGE_LOOP_ANALYSIS = YES;
				CLANG_WARN_STRICT_PROTOTYPES = YES;
				CLANG_WARN_SUSPICIOUS_MOVE = YES;
				CLANG_WARN_UNGUARDED_AVAILABILITY = YES_AGGRESSIVE;
				CLANG_WARN_UNREACHABLE_CODE = YES;
				CLANG_WARN__DUPLICATE_METHOD_MATCH = YES;
				CODE_SIGN_IDENTITY = "iPhone Developer";
				COPY_PHASE_STRIP = NO;
				DEBUG_INFORMATION_FORMAT = dwarf;
				ENABLE_STRICT_OBJC_MSGSEND = YES;
				ENABLE_TESTABILITY = YES;
				GCC_C_LANGUAGE_STANDARD = gnu11;
				GCC_DYNAMIC_NO_PIC = NO;
				GCC_NO_COMMON_BLOCKS = YES;
				GCC_OPTIMIZATION_LEVEL = 0;
				GCC_PREPROCESSOR_DEFINITIONS = (
					"DEBUG=1",
					"$(inherited)",
				);
				GCC_WARN_64_TO_32_BIT_CONVERSION = YES;
				GCC_WARN_ABOUT_RETURN_TYPE = YES_ERROR;
				GCC_WARN_UNDECLARED_SELECTOR = YES;
				GCC_WARN_UNINITIALIZED_AUTOS = YES_AGGRESSIVE;
				GCC_WARN_UNUSED_FUNCTION = YES;
				GCC_WARN_UNUSED_VARIABLE = YES;
				IPHONEOS_DEPLOYMENT_TARGET = 11.2;
				MTL_ENABLE_DEBUG_INFO = YES;
				ONLY_ACTIVE_ARCH = YES;
				SDKROOT = iphoneos;
				SWIFT_ACTIVE_COMPILATION_CONDITIONS = DEBUG;
				SWIFT_OPTIMIZATION_LEVEL = "-Onone";
			};
			name = Debug;
		};
		C05EDDA5200614A300FA6C0C /* Release */ = {
			isa = XCBuildConfiguration;
			buildSettings = {
				ALWAYS_SEARCH_USER_PATHS = NO;
				CLANG_ANALYZER_NONNULL = YES;
				CLANG_ANALYZER_NUMBER_OBJECT_CONVERSION = YES_AGGRESSIVE;
				CLANG_CXX_LANGUAGE_STANDARD = "gnu++14";
				CLANG_CXX_LIBRARY = "libc++";
				CLANG_ENABLE_MODULES = YES;
				CLANG_ENABLE_OBJC_ARC = YES;
				CLANG_WARN_BLOCK_CAPTURE_AUTORELEASING = YES;
				CLANG_WARN_BOOL_CONVERSION = YES;
				CLANG_WARN_COMMA = YES;
				CLANG_WARN_CONSTANT_CONVERSION = YES;
				CLANG_WARN_DIRECT_OBJC_ISA_USAGE = YES_ERROR;
				CLANG_WARN_DOCUMENTATION_COMMENTS = YES;
				CLANG_WARN_EMPTY_BODY = YES;
				CLANG_WARN_ENUM_CONVERSION = YES;
				CLANG_WARN_INFINITE_RECURSION = YES;
				CLANG_WARN_INT_CONVERSION = YES;
				CLANG_WARN_NON_LITERAL_NULL_CONVERSION = YES;
				CLANG_WARN_OBJC_LITERAL_CONVERSION = YES;
				CLANG_WARN_OBJC_ROOT_CLASS = YES_ERROR;
				CLANG_WARN_RANGE_LOOP_ANALYSIS = YES;
				CLANG_WARN_STRICT_PROTOTYPES = YES;
				CLANG_WARN_SUSPICIOUS_MOVE = YES;
				CLANG_WARN_UNGUARDED_AVAILABILITY = YES_AGGRESSIVE;
				CLANG_WARN_UNREACHABLE_CODE = YES;
				CLANG_WARN__DUPLICATE_METHOD_MATCH = YES;
				CODE_SIGN_IDENTITY = "iPhone Developer";
				COPY_PHASE_STRIP = NO;
				DEBUG_INFORMATION_FORMAT = "dwarf-with-dsym";
				ENABLE_NS_ASSERTIONS = NO;
				ENABLE_STRICT_OBJC_MSGSEND = YES;
				GCC_C_LANGUAGE_STANDARD = gnu11;
				GCC_NO_COMMON_BLOCKS = YES;
				GCC_WARN_64_TO_32_BIT_CONVERSION = YES;
				GCC_WARN_ABOUT_RETURN_TYPE = YES_ERROR;
				GCC_WARN_UNDECLARED_SELECTOR = YES;
				GCC_WARN_UNINITIALIZED_AUTOS = YES_AGGRESSIVE;
				GCC_WARN_UNUSED_FUNCTION = YES;
				GCC_WARN_UNUSED_VARIABLE = YES;
				IPHONEOS_DEPLOYMENT_TARGET = 11.2;
				MTL_ENABLE_DEBUG_INFO = NO;
				SDKROOT = iphoneos;
				SWIFT_OPTIMIZATION_LEVEL = "-Owholemodule";
				VALIDATE_PRODUCT = YES;
			};
			name = Release;
		};
		C05EDDA7200614A300FA6C0C /* Debug */ = {
			isa = XCBuildConfiguration;
			buildSettings = {
				ASSETCATALOG_COMPILER_APPICON_NAME = AppIcon;
				CODE_SIGN_STYLE = Automatic;
				DEVELOPMENT_TEAM = 6TW975U2T3;
				INFOPLIST_FILE = VideoRecorder/Info.plist;
				LD_RUNPATH_SEARCH_PATHS = "$(inherited) @executable_path/Frameworks";
				PRODUCT_BUNDLE_IDENTIFIER = jp.kronos.iaspeedgun.videorecoder.VideoRecorder;
				PRODUCT_NAME = "$(TARGET_NAME)";
				SWIFT_VERSION = 4.0;
				TARGETED_DEVICE_FAMILY = "1,2";
			};
			name = Debug;
		};
		C05EDDA8200614A300FA6C0C /* Release */ = {
			isa = XCBuildConfiguration;
			buildSettings = {
				ASSETCATALOG_COMPILER_APPICON_NAME = AppIcon;
				CODE_SIGN_STYLE = Automatic;
				DEVELOPMENT_TEAM = 6TW975U2T3;
				INFOPLIST_FILE = VideoRecorder/Info.plist;
				LD_RUNPATH_SEARCH_PATHS = "$(inherited) @executable_path/Frameworks";
				PRODUCT_BUNDLE_IDENTIFIER = jp.kronos.iaspeedgun.videorecoder.VideoRecorder;
				PRODUCT_NAME = "$(TARGET_NAME)";
				SWIFT_VERSION = 4.0;
				TARGETED_DEVICE_FAMILY = "1,2";
			};
			name = Release;
		};
		C05EDDAA200614A300FA6C0C /* Debug */ = {
			isa = XCBuildConfiguration;
			buildSettings = {
				ALWAYS_EMBED_SWIFT_STANDARD_LIBRARIES = YES;
				BUNDLE_LOADER = "$(TEST_HOST)";
				CODE_SIGN_STYLE = Automatic;
				DEVELOPMENT_TEAM = 6TW975U2T3;
				INFOPLIST_FILE = VideoRecorderTests/Info.plist;
				LD_RUNPATH_SEARCH_PATHS = "$(inherited) @executable_path/Frameworks @loader_path/Frameworks";
				PRODUCT_BUNDLE_IDENTIFIER = jp.kronos.iaspeedgun.videorecoder.VideoRecorderTests;
				PRODUCT_NAME = "$(TARGET_NAME)";
				SWIFT_VERSION = 4.0;
				TARGETED_DEVICE_FAMILY = "1,2";
				TEST_HOST = "$(BUILT_PRODUCTS_DIR)/VideoRecorder.app/VideoRecorder";
			};
			name = Debug;
		};
		C05EDDAB200614A300FA6C0C /* Release */ = {
			isa = XCBuildConfiguration;
			buildSettings = {
				ALWAYS_EMBED_SWIFT_STANDARD_LIBRARIES = YES;
				BUNDLE_LOADER = "$(TEST_HOST)";
				CODE_SIGN_STYLE = Automatic;
				DEVELOPMENT_TEAM = 6TW975U2T3;
				INFOPLIST_FILE = VideoRecorderTests/Info.plist;
				LD_RUNPATH_SEARCH_PATHS = "$(inherited) @executable_path/Frameworks @loader_path/Frameworks";
				PRODUCT_BUNDLE_IDENTIFIER = jp.kronos.iaspeedgun.videorecoder.VideoRecorderTests;
				PRODUCT_NAME = "$(TARGET_NAME)";
				SWIFT_VERSION = 4.0;
				TARGETED_DEVICE_FAMILY = "1,2";
				TEST_HOST = "$(BUILT_PRODUCTS_DIR)/VideoRecorder.app/VideoRecorder";
			};
			name = Release;
		};
		C05EDDAD200614A300FA6C0C /* Debug */ = {
			isa = XCBuildConfiguration;
			buildSettings = {
				ALWAYS_EMBED_SWIFT_STANDARD_LIBRARIES = YES;
				CODE_SIGN_STYLE = Automatic;
				DEVELOPMENT_TEAM = 6TW975U2T3;
				INFOPLIST_FILE = VideoRecorderUITests/Info.plist;
				LD_RUNPATH_SEARCH_PATHS = "$(inherited) @executable_path/Frameworks @loader_path/Frameworks";
				PRODUCT_BUNDLE_IDENTIFIER = jp.kronos.iaspeedgun.videorecoder.VideoRecorderUITests;
				PRODUCT_NAME = "$(TARGET_NAME)";
				SWIFT_VERSION = 4.0;
				TARGETED_DEVICE_FAMILY = "1,2";
				TEST_TARGET_NAME = VideoRecorder;
			};
			name = Debug;
		};
		C05EDDAE200614A300FA6C0C /* Release */ = {
			isa = XCBuildConfiguration;
			buildSettings = {
				ALWAYS_EMBED_SWIFT_STANDARD_LIBRARIES = YES;
				CODE_SIGN_STYLE = Automatic;
				DEVELOPMENT_TEAM = 6TW975U2T3;
				INFOPLIST_FILE = VideoRecorderUITests/Info.plist;
				LD_RUNPATH_SEARCH_PATHS = "$(inherited) @executable_path/Frameworks @loader_path/Frameworks";
				PRODUCT_BUNDLE_IDENTIFIER = jp.kronos.iaspeedgun.videorecoder.VideoRecorderUITests;
				PRODUCT_NAME = "$(TARGET_NAME)";
				SWIFT_VERSION = 4.0;
				TARGETED_DEVICE_FAMILY = "1,2";
				TEST_TARGET_NAME = VideoRecorder;
			};
			name = Release;
		};
/* End XCBuildConfiguration section */

/* Begin XCConfigurationList section */
		C05EDD79200614A200FA6C0C /* Build configuration list for PBXProject "VideoRecorder" */ = {
			isa = XCConfigurationList;
			buildConfigurations = (
				C05EDDA4200614A300FA6C0C /* Debug */,
				C05EDDA5200614A300FA6C0C /* Release */,
			);
			defaultConfigurationIsVisible = 0;
			defaultConfigurationName = Release;
		};
		C05EDDA6200614A300FA6C0C /* Build configuration list for PBXNativeTarget "VideoRecorder" */ = {
			isa = XCConfigurationList;
			buildConfigurations = (
				C05EDDA7200614A300FA6C0C /* Debug */,
				C05EDDA8200614A300FA6C0C /* Release */,
			);
			defaultConfigurationIsVisible = 0;
			defaultConfigurationName = Release;
		};
		C05EDDA9200614A300FA6C0C /* Build configuration list for PBXNativeTarget "VideoRecorderTests" */ = {
			isa = XCConfigurationList;
			buildConfigurations = (
				C05EDDAA200614A300FA6C0C /* Debug */,
				C05EDDAB200614A300FA6C0C /* Release */,
			);
			defaultConfigurationIsVisible = 0;
			defaultConfigurationName = Release;
		};
		C05EDDAC200614A300FA6C0C /* Build configuration list for PBXNativeTarget "VideoRecorderUITests" */ = {
			isa = XCConfigurationList;
			buildConfigurations = (
				C05EDDAD200614A300FA6C0C /* Debug */,
				C05EDDAE200614A300FA6C0C /* Release */,
			);
			defaultConfigurationIsVisible = 0;
			defaultConfigurationName = Release;
		};
/* End XCConfigurationList section */
	};
	rootObject = C05EDD76200614A200FA6C0C /* Project object */;
}
